
Microsoft Visual Studio Solution File, Format Version 12.00
# Visual Studio 15
VisualStudioVersion = 15.0.28307.329
MinimumVisualStudioVersion = 10.0.40219.1
Project("{8BC9CEB8-8B4A-11D0-8D11-00A0C91BC942}") = "Expression", "Expression\Expression.vcxproj", "{F4CD2D6B-3C4F-48B3-8B26-51C9C9FE3FCB}"
EndProject
Global
	GlobalSection(SolutionConfigurationPlatforms) = preSolution
		Debug|x64 = Debug|x64
		Debug|x86 = Debug|x86
		Release|x64 = Release|x64
		Release|x86 = Release|x86
	EndGlobalSection
	GlobalSection(ProjectConfigurationPlatforms) = postSolution
		{F4CD2D6B-3C4F-48B3-8B26-51C9C9FE3FCB}.Debug|x64.ActiveCfg = Debug|x64
		{F4CD2D6B-3C4F-48B3-8B26-51C9C9FE3FCB}.Debug|x64.Build.0 = Debug|x64
		{F4CD2D6B-3C4F-48B3-8B26-51C9C9FE3FCB}.Debug|x86.ActiveCfg = Debug|Win32
		{F4CD2D6B-3C4F-48B3-8B26-51C9C9FE3FCB}.Debug|x86.Build.0 = Debug|Win32
		{F4CD2D6B-3C4F-48B3-8B26-51C9C9FE3FCB}.Release|x64.ActiveCfg = Release|x64
		{F4CD2D6B-3C4F-48B3-8B26-51C9C9FE3FCB}.Release|x64.Build.0 = Release|x64
		{F4CD2D6B-3C4F-48B3-8B26-51C9C9FE3FCB}.Release|x86.ActiveCfg = Release|Win32
		{F4CD2D6B-3C4F-48B3-8B26-51C9C9FE3FCB}.Release|x86.Build.0 = Release|Win32
	EndGlobalSection
	GlobalSection(SolutionProperties) = preSolution
		HideSolutionNode = FALSE
	EndGlobalSection
	GlobalSection(ExtensibilityGlobals) = postSolution
		SolutionGuid = {90B73138-0124-44C5-B0CC-A7D3B95846E7}
	EndGlobalSection
EndGlobal
